
Microsoft Visual Studio Solution File, Format Version 12.00
# Visual Studio 2012
Project("{FAE04EC0-301F-11D3-BF4B-00C04F79EFBC}") = "Colored Dota 2 Text", "Colored Dota 2 Text\Colored Dota 2 Text.csproj", "{A473C690-40D4-4EFF-86DC-7C36F0EEA87A}"
EndProject
Global
	GlobalSection(SolutionConfigurationPlatforms) = preSolution
		Debug|Any CPU = Debug|Any CPU
		Release|Any CPU = Release|Any CPU
	EndGlobalSection
	GlobalSection(ProjectConfigurationPlatforms) = postSolution
		{A473C690-40D4-4EFF-86DC-7C36F0EEA87A}.Debug|Any CPU.ActiveCfg = Debug|Any CPU
		{A473C690-40D4-4EFF-86DC-7C36F0EEA87A}.Debug|Any CPU.Build.0 = Debug|Any CPU
		{A473C690-40D4-4EFF-86DC-7C36F0EEA87A}.Release|Any CPU.ActiveCfg = Release|Any CPU
		{A473C690-40D4-4EFF-86DC-7C36F0EEA87A}.Release|Any CPU.Build.0 = Release|Any CPU
	EndGlobalSection
	GlobalSection(SolutionProperties) = preSolution
		HideSolutionNode = FALSE
	EndGlobalSection
EndGlobal
